// !$*UTF8*$!
{
	archiveVersion = 1;
	classes = {
	};
	objectVersion = 55;
	objects = {

/* Begin PBXBuildFile section */
		0408E49527B8818400DFDEC1 /* DesignCombineApp.swift in Sources */ = {isa = PBXBuildFile; fileRef = 0408E49427B8818400DFDEC1 /* DesignCombineApp.swift */; };
		0408E49727B8818400DFDEC1 /* ContentView.swift in Sources */ = {isa = PBXBuildFile; fileRef = 0408E49627B8818400DFDEC1 /* ContentView.swift */; };
		0408E49927B8818600DFDEC1 /* Assets.xcassets in Resources */ = {isa = PBXBuildFile; fileRef = 0408E49827B8818600DFDEC1 /* Assets.xcassets */; };
		0408E49C27B8818600DFDEC1 /* Preview Assets.xcassets in Resources */ = {isa = PBXBuildFile; fileRef = 0408E49B27B8818600DFDEC1 /* Preview Assets.xcassets */; };
		04590E6827BC44D200A71AED /* ProfileRow.swift in Sources */ = {isa = PBXBuildFile; fileRef = 04590E6727BC44D200A71AED /* ProfileRow.swift */; };
		04590E6A27BC491300A71AED /* ProfilePicture.swift in Sources */ = {isa = PBXBuildFile; fileRef = 04590E6927BC491300A71AED /* ProfilePicture.swift */; };
		04590E6C27BC689B00A71AED /* GoogleService-Info.plist in Resources */ = {isa = PBXBuildFile; fileRef = 04590E6B27BC689A00A71AED /* GoogleService-Info.plist */; };
		04590E7127BC779100A71AED /* Certificate.swift in Sources */ = {isa = PBXBuildFile; fileRef = 04590E7027BC779000A71AED /* Certificate.swift */; };
		047BF86B27BD571E00187C9F /* CertificateViewModel.swift in Sources */ = {isa = PBXBuildFile; fileRef = 047BF86A27BD571E00187C9F /* CertificateViewModel.swift */; };
		047BF86E27BD6F6000187C9F /* FirebaseFirestore in Frameworks */ = {isa = PBXBuildFile; productRef = 047BF86D27BD6F6000187C9F /* FirebaseFirestore */; };
		048FC28227B8C4E300CC470F /* VisualEffectBlur.swift in Sources */ = {isa = PBXBuildFile; fileRef = 048FC28027B8C4E300CC470F /* VisualEffectBlur.swift */; };
		048FC28327B8C4E300CC470F /* AccountBackground.swift in Sources */ = {isa = PBXBuildFile; fileRef = 048FC28127B8C4E300CC470F /* AccountBackground.swift */; };
		048FC28527B8D40200CC470F /* MenuRow.swift in Sources */ = {isa = PBXBuildFile; fileRef = 048FC28427B8D40200CC470F /* MenuRow.swift */; };
		048FC28827B8D60D00CC470F /* GradientIcon.swift in Sources */ = {isa = PBXBuildFile; fileRef = 048FC28727B8D60D00CC470F /* GradientIcon.swift */; };
		04BF9BF827BA2AE0003C8D3E /* FAQView.swift in Sources */ = {isa = PBXBuildFile; fileRef = 04BF9BF727BA2AE0003C8D3E /* FAQView.swift */; };
		04BF9BFA27BA2AFB003C8D3E /* PackagesView.swift in Sources */ = {isa = PBXBuildFile; fileRef = 04BF9BF927BA2AFB003C8D3E /* PackagesView.swift */; };
		04BF9BFC27BA3676003C8D3E /* Package.swift in Sources */ = {isa = PBXBuildFile; fileRef = 04BF9BFB27BA3676003C8D3E /* Package.swift */; };
		04BF9BFE27BA93A5003C8D3E /* PackageRow.swift in Sources */ = {isa = PBXBuildFile; fileRef = 04BF9BFD27BA93A5003C8D3E /* PackageRow.swift */; };
		04BF9C0127BB7457003C8D3E /* FAQ.swift in Sources */ = {isa = PBXBuildFile; fileRef = 04BF9C0027BB7457003C8D3E /* FAQ.swift */; };
		04BF9C0327BB7773003C8D3E /* faq.json in Resources */ = {isa = PBXBuildFile; fileRef = 04BF9C0227BB7773003C8D3E /* faq.json */; };
		04BF9C0527BB77D2003C8D3E /* ModelData.swift in Sources */ = {isa = PBXBuildFile; fileRef = 04BF9C0427BB77D2003C8D3E /* ModelData.swift */; };
		04BF9C0727BB7A29003C8D3E /* FAQRow.swift in Sources */ = {isa = PBXBuildFile; fileRef = 04BF9C0627BB7A29003C8D3E /* FAQRow.swift */; };
		04BF9C0927BB817C003C8D3E /* PrimaryButton.swift in Sources */ = {isa = PBXBuildFile; fileRef = 04BF9C0827BB817C003C8D3E /* PrimaryButton.swift */; };
		04BF9C0B27BB8393003C8D3E /* Extensions.swift in Sources */ = {isa = PBXBuildFile; fileRef = 04BF9C0A27BB8393003C8D3E /* Extensions.swift */; };
/* End PBXBuildFile section */

/* Begin PBXFileReference section */
		0408E49127B8818400DFDEC1 /* DesignCombine.app */ = {isa = PBXFileReference; explicitFileType = wrapper.application; includeInIndex = 0; path = DesignCombine.app; sourceTree = BUILT_PRODUCTS_DIR; };
		0408E49427B8818400DFDEC1 /* DesignCombineApp.swift */ = {isa = PBXFileReference; lastKnownFileType = sourcecode.swift; path = DesignCombineApp.swift; sourceTree = "<group>"; };
		0408E49627B8818400DFDEC1 /* ContentView.swift */ = {isa = PBXFileReference; lastKnownFileType = sourcecode.swift; path = ContentView.swift; sourceTree = "<group>"; };
		0408E49827B8818600DFDEC1 /* Assets.xcassets */ = {isa = PBXFileReference; lastKnownFileType = folder.assetcatalog; path = Assets.xcassets; sourceTree = "<group>"; };
		0408E49B27B8818600DFDEC1 /* Preview Assets.xcassets */ = {isa = PBXFileReference; lastKnownFileType = folder.assetcatalog; path = "Preview Assets.xcassets"; sourceTree = "<group>"; };
		04590E6727BC44D200A71AED /* ProfileRow.swift */ = {isa = PBXFileReference; lastKnownFileType = sourcecode.swift; path = ProfileRow.swift; sourceTree = "<group>"; };
		04590E6927BC491300A71AED /* ProfilePicture.swift */ = {isa = PBXFileReference; lastKnownFileType = sourcecode.swift; path = ProfilePicture.swift; sourceTree = "<group>"; };
		04590E6B27BC689A00A71AED /* GoogleService-Info.plist */ = {isa = PBXFileReference; fileEncoding = 4; lastKnownFileType = text.plist.xml; path = "GoogleService-Info.plist"; sourceTree = "<group>"; };
		04590E7027BC779000A71AED /* Certificate.swift */ = {isa = PBXFileReference; lastKnownFileType = sourcecode.swift; path = Certificate.swift; sourceTree = "<group>"; };
		047BF86A27BD571E00187C9F /* CertificateViewModel.swift */ = {isa = PBXFileReference; lastKnownFileType = sourcecode.swift; path = CertificateViewModel.swift; sourceTree = "<group>"; };
		048FC28027B8C4E300CC470F /* VisualEffectBlur.swift */ = {isa = PBXFileReference; fileEncoding = 4; lastKnownFileType = sourcecode.swift; path = VisualEffectBlur.swift; sourceTree = "<group>"; };
		048FC28127B8C4E300CC470F /* AccountBackground.swift */ = {isa = PBXFileReference; fileEncoding = 4; lastKnownFileType = sourcecode.swift; path = AccountBackground.swift; sourceTree = "<group>"; };
		048FC28427B8D40200CC470F /* MenuRow.swift */ = {isa = PBXFileReference; lastKnownFileType = sourcecode.swift; path = MenuRow.swift; sourceTree = "<group>"; };
		048FC28727B8D60D00CC470F /* GradientIcon.swift */ = {isa = PBXFileReference; lastKnownFileType = sourcecode.swift; path = GradientIcon.swift; sourceTree = "<group>"; };
		04BF9BF727BA2AE0003C8D3E /* FAQView.swift */ = {isa = PBXFileReference; lastKnownFileType = sourcecode.swift; path = FAQView.swift; sourceTree = "<group>"; };
		04BF9BF927BA2AFB003C8D3E /* PackagesView.swift */ = {isa = PBXFileReference; lastKnownFileType = sourcecode.swift; path = PackagesView.swift; sourceTree = "<group>"; };
		04BF9BFB27BA3676003C8D3E /* Package.swift */ = {isa = PBXFileReference; lastKnownFileType = sourcecode.swift; path = Package.swift; sourceTree = "<group>"; };
		04BF9BFD27BA93A5003C8D3E /* PackageRow.swift */ = {isa = PBXFileReference; lastKnownFileType = sourcecode.swift; path = PackageRow.swift; sourceTree = "<group>"; };
		04BF9C0027BB7457003C8D3E /* FAQ.swift */ = {isa = PBXFileReference; lastKnownFileType = sourcecode.swift; path = FAQ.swift; sourceTree = "<group>"; };
		04BF9C0227BB7773003C8D3E /* faq.json */ = {isa = PBXFileReference; lastKnownFileType = text.json; path = faq.json; sourceTree = "<group>"; };
		04BF9C0427BB77D2003C8D3E /* ModelData.swift */ = {isa = PBXFileReference; lastKnownFileType = sourcecode.swift; path = ModelData.swift; sourceTree = "<group>"; };
		04BF9C0627BB7A29003C8D3E /* FAQRow.swift */ = {isa = PBXFileReference; lastKnownFileType = sourcecode.swift; path = FAQRow.swift; sourceTree = "<group>"; };
		04BF9C0827BB817C003C8D3E /* PrimaryButton.swift */ = {isa = PBXFileReference; lastKnownFileType = sourcecode.swift; path = PrimaryButton.swift; sourceTree = "<group>"; };
		04BF9C0A27BB8393003C8D3E /* Extensions.swift */ = {isa = PBXFileReference; lastKnownFileType = sourcecode.swift; path = Extensions.swift; sourceTree = "<group>"; };
/* End PBXFileReference section */

/* Begin PBXFrameworksBuildPhase section */
		0408E48E27B8818400DFDEC1 /* Frameworks */ = {
			isa = PBXFrameworksBuildPhase;
			buildActionMask = 2147483647;
			files = (
				047BF86E27BD6F6000187C9F /* FirebaseFirestore in Frameworks */,
			);
			runOnlyForDeploymentPostprocessing = 0;
		};
/* End PBXFrameworksBuildPhase section */

/* Begin PBXGroup section */
		0408E48827B8818400DFDEC1 = {
			isa = PBXGroup;
			children = (
				0408E49327B8818400DFDEC1 /* DesignCombine */,
				0408E49227B8818400DFDEC1 /* Products */,
			);
			sourceTree = "<group>";
		};
		0408E49227B8818400DFDEC1 /* Products */ = {
			isa = PBXGroup;
			children = (
				0408E49127B8818400DFDEC1 /* DesignCombine.app */,
			);
			name = Products;
			sourceTree = "<group>";
		};
		0408E49327B8818400DFDEC1 /* DesignCombine */ = {
			isa = PBXGroup;
			children = (
				04590E6B27BC689A00A71AED /* GoogleService-Info.plist */,
				04BF9BFF27BB7435003C8D3E /* Model */,
				048FC27F27B8C44200CC470F /* New Graphics */,
				0408E49427B8818400DFDEC1 /* DesignCombineApp.swift */,
				04BF9C0A27BB8393003C8D3E /* Extensions.swift */,
				0408E49627B8818400DFDEC1 /* ContentView.swift */,
				04BF9C0627BB7A29003C8D3E /* FAQRow.swift */,
				04BF9BF727BA2AE0003C8D3E /* FAQView.swift */,
				04BF9BFB27BA3676003C8D3E /* Package.swift */,
				04BF9BF927BA2AFB003C8D3E /* PackagesView.swift */,
				04590E6727BC44D200A71AED /* ProfileRow.swift */,
				048FC28627B8D5EE00CC470F /* Components */,
				0408E49827B8818600DFDEC1 /* Assets.xcassets */,
				0408E49A27B8818600DFDEC1 /* Preview Content */,
				04590E6927BC491300A71AED /* ProfilePicture.swift */,
				04590E7027BC779000A71AED /* Certificate.swift */,
				047BF86A27BD571E00187C9F /* CertificateViewModel.swift */,
			);
			path = DesignCombine;
			sourceTree = "<group>";
		};
		0408E49A27B8818600DFDEC1 /* Preview Content */ = {
			isa = PBXGroup;
			children = (
				0408E49B27B8818600DFDEC1 /* Preview Assets.xcassets */,
			);
			path = "Preview Content";
			sourceTree = "<group>";
		};
		048FC27F27B8C44200CC470F /* New Graphics */ = {
			isa = PBXGroup;
			children = (
				048FC28127B8C4E300CC470F /* AccountBackground.swift */,
				048FC28027B8C4E300CC470F /* VisualEffectBlur.swift */,
			);
			path = "New Graphics";
			sourceTree = "<group>";
		};
		048FC28627B8D5EE00CC470F /* Components */ = {
			isa = PBXGroup;
			children = (
				048FC28427B8D40200CC470F /* MenuRow.swift */,
				048FC28727B8D60D00CC470F /* GradientIcon.swift */,
				04BF9BFD27BA93A5003C8D3E /* PackageRow.swift */,
				04BF9C0827BB817C003C8D3E /* PrimaryButton.swift */,
			);
			path = Components;
			sourceTree = "<group>";
		};
		04BF9BFF27BB7435003C8D3E /* Model */ = {
			isa = PBXGroup;
			children = (
				04BF9C0027BB7457003C8D3E /* FAQ.swift */,
				04BF9C0227BB7773003C8D3E /* faq.json */,
				04BF9C0427BB77D2003C8D3E /* ModelData.swift */,
			);
			path = Model;
			sourceTree = "<group>";
		};
/* End PBXGroup section */

/* Begin PBXNativeTarget section */
		0408E49027B8818400DFDEC1 /* DesignCombine */ = {
			isa = PBXNativeTarget;
			buildConfigurationList = 0408E49F27B8818600DFDEC1 /* Build configuration list for PBXNativeTarget "DesignCombine" */;
			buildPhases = (
				0408E48D27B8818400DFDEC1 /* Sources */,
				0408E48E27B8818400DFDEC1 /* Frameworks */,
				0408E48F27B8818400DFDEC1 /* Resources */,
			);
			buildRules = (
			);
			dependencies = (
			);
			name = DesignCombine;
			packageProductDependencies = (
				047BF86D27BD6F6000187C9F /* FirebaseFirestore */,
			);
			productName = DesignCombine;
			productReference = 0408E49127B8818400DFDEC1 /* DesignCombine.app */;
			productType = "com.apple.product-type.application";
		};
/* End PBXNativeTarget section */

/* Begin PBXProject section */
		0408E48927B8818400DFDEC1 /* Project object */ = {
			isa = PBXProject;
			attributes = {
				BuildIndependentTargetsInParallel = 1;
				LastSwiftUpdateCheck = 1320;
				LastUpgradeCheck = 1320;
				TargetAttributes = {
					0408E49027B8818400DFDEC1 = {
						CreatedOnToolsVersion = 13.2.1;
					};
				};
			};
			buildConfigurationList = 0408E48C27B8818400DFDEC1 /* Build configuration list for PBXProject "DesignCombine" */;
			compatibilityVersion = "Xcode 13.0";
			developmentRegion = en;
			hasScannedForEncodings = 0;
			knownRegions = (
				en,
				Base,
			);
			mainGroup = 0408E48827B8818400DFDEC1;
			packageReferences = (
				047BF86C27BD6F6000187C9F /* XCRemoteSwiftPackageReference "firebase-ios-sdk" */,
			);
			productRefGroup = 0408E49227B8818400DFDEC1 /* Products */;
			projectDirPath = "";
			projectRoot = "";
			targets = (
				0408E49027B8818400DFDEC1 /* DesignCombine */,
			);
		};
/* End PBXProject section */

/* Begin PBXResourcesBuildPhase section */
		0408E48F27B8818400DFDEC1 /* Resources */ = {
			isa = PBXResourcesBuildPhase;
			buildActionMask = 2147483647;
			files = (
				0408E49C27B8818600DFDEC1 /* Preview Assets.xcassets in Resources */,
				04590E6C27BC689B00A71AED /* GoogleService-Info.plist in Resources */,
				0408E49927B8818600DFDEC1 /* Assets.xcassets in Resources */,
				04BF9C0327BB7773003C8D3E /* faq.json in Resources */,
			);
			runOnlyForDeploymentPostprocessing = 0;
		};
/* End PBXResourcesBuildPhase section */

/* Begin PBXSourcesBuildPhase section */
		0408E48D27B8818400DFDEC1 /* Sources */ = {
			isa = PBXSourcesBuildPhase;
			buildActionMask = 2147483647;
			files = (
				048FC28827B8D60D00CC470F /* GradientIcon.swift in Sources */,
				04BF9C0727BB7A29003C8D3E /* FAQRow.swift in Sources */,
				048FC28227B8C4E300CC470F /* VisualEffectBlur.swift in Sources */,
				04590E7127BC779100A71AED /* Certificate.swift in Sources */,
				0408E49727B8818400DFDEC1 /* ContentView.swift in Sources */,
				04590E6827BC44D200A71AED /* ProfileRow.swift in Sources */,
				04BF9C0927BB817C003C8D3E /* PrimaryButton.swift in Sources */,
				04BF9C0127BB7457003C8D3E /* FAQ.swift in Sources */,
				04590E6A27BC491300A71AED /* ProfilePicture.swift in Sources */,
				04BF9BFE27BA93A5003C8D3E /* PackageRow.swift in Sources */,
				047BF86B27BD571E00187C9F /* CertificateViewModel.swift in Sources */,
				04BF9C0527BB77D2003C8D3E /* ModelData.swift in Sources */,
				04BF9BFC27BA3676003C8D3E /* Package.swift in Sources */,
				0408E49527B8818400DFDEC1 /* DesignCombineApp.swift in Sources */,
				04BF9C0B27BB8393003C8D3E /* Extensions.swift in Sources */,
				04BF9BF827BA2AE0003C8D3E /* FAQView.swift in Sources */,
				048FC28327B8C4E300CC470F /* AccountBackground.swift in Sources */,
				048FC28527B8D40200CC470F /* MenuRow.swift in Sources */,
				04BF9BFA27BA2AFB003C8D3E /* PackagesView.swift in Sources */,
			);
			runOnlyForDeploymentPostprocessing = 0;
		};
/* End PBXSourcesBuildPhase section */

/* Begin XCBuildConfiguration section */
		0408E49D27B8818600DFDEC1 /* Debug */ = {
			isa = XCBuildConfiguration;
			buildSettings = {
				ALWAYS_SEARCH_USER_PATHS = NO;
				CLANG_ANALYZER_NONNULL = YES;
				CLANG_ANALYZER_NUMBER_OBJECT_CONVERSION = YES_AGGRESSIVE;
				CLANG_CXX_LANGUAGE_STANDARD = "gnu++17";
				CLANG_CXX_LIBRARY = "libc++";
				CLANG_ENABLE_MODULES = YES;
				CLANG_ENABLE_OBJC_ARC = YES;
				CLANG_ENABLE_OBJC_WEAK = YES;
				CLANG_WARN_BLOCK_CAPTURE_AUTORELEASING = YES;
				CLANG_WARN_BOOL_CONVERSION = YES;
				CLANG_WARN_COMMA = YES;
				CLANG_WARN_CONSTANT_CONVERSION = YES;
				CLANG_WARN_DEPRECATED_OBJC_IMPLEMENTATIONS = YES;
				CLANG_WARN_DIRECT_OBJC_ISA_USAGE = YES_ERROR;
				CLANG_WARN_DOCUMENTATION_COMMENTS = YES;
				CLANG_WARN_EMPTY_BODY = YES;
				CLANG_WARN_ENUM_CONVERSION = YES;
				CLANG_WARN_INFINITE_RECURSION = YES;
				CLANG_WARN_INT_CONVERSION = YES;
				CLANG_WARN_NON_LITERAL_NULL_CONVERSION = YES;
				CLANG_WARN_OBJC_IMPLICIT_RETAIN_SELF = YES;
				CLANG_WARN_OBJC_LITERAL_CONVERSION = YES;
				CLANG_WARN_OBJC_ROOT_CLASS = YES_ERROR;
				CLANG_WARN_QUOTED_INCLUDE_IN_FRAMEWORK_HEADER = YES;
				CLANG_WARN_RANGE_LOOP_ANALYSIS = YES;
				CLANG_WARN_STRICT_PROTOTYPES = YES;
				CLANG_WARN_SUSPICIOUS_MOVE = YES;
				CLANG_WARN_UNGUARDED_AVAILABILITY = YES_AGGRESSIVE;
				CLANG_WARN_UNREACHABLE_CODE = YES;
				CLANG_WARN__DUPLICATE_METHOD_MATCH = YES;
				COPY_PHASE_STRIP = NO;
				DEBUG_INFORMATION_FORMAT = dwarf;
				ENABLE_STRICT_OBJC_MSGSEND = YES;
				ENABLE_TESTABILITY = YES;
				GCC_C_LANGUAGE_STANDARD = gnu11;
				GCC_DYNAMIC_NO_PIC = NO;
				GCC_NO_COMMON_BLOCKS = YES;
				GCC_OPTIMIZATION_LEVEL = 0;
				GCC_PREPROCESSOR_DEFINITIONS = (
					"DEBUG=1",
					"$(inherited)",
				);
				GCC_WARN_64_TO_32_BIT_CONVERSION = YES;
				GCC_WARN_ABOUT_RETURN_TYPE = YES_ERROR;
				GCC_WARN_UNDECLARED_SELECTOR = YES;
				GCC_WARN_UNINITIALIZED_AUTOS = YES_AGGRESSIVE;
				GCC_WARN_UNUSED_FUNCTION = YES;
				GCC_WARN_UNUSED_VARIABLE = YES;
				IPHONEOS_DEPLOYMENT_TARGET = 15.2;
				MTL_ENABLE_DEBUG_INFO = INCLUDE_SOURCE;
				MTL_FAST_MATH = YES;
				ONLY_ACTIVE_ARCH = YES;
				SDKROOT = iphoneos;
				SWIFT_ACTIVE_COMPILATION_CONDITIONS = DEBUG;
				SWIFT_OPTIMIZATION_LEVEL = "-Onone";
			};
			name = Debug;
		};
		0408E49E27B8818600DFDEC1 /* Release */ = {
			isa = XCBuildConfiguration;
			buildSettings = {
				ALWAYS_SEARCH_USER_PATHS = NO;
				CLANG_ANALYZER_NONNULL = YES;
				CLANG_ANALYZER_NUMBER_OBJECT_CONVERSION = YES_AGGRESSIVE;
				CLANG_CXX_LANGUAGE_STANDARD = "gnu++17";
				CLANG_CXX_LIBRARY = "libc++";
				CLANG_ENABLE_MODULES = YES;
				CLANG_ENABLE_OBJC_ARC = YES;
				CLANG_ENABLE_OBJC_WEAK = YES;
				CLANG_WARN_BLOCK_CAPTURE_AUTORELEASING = YES;
				CLANG_WARN_BOOL_CONVERSION = YES;
				CLANG_WARN_COMMA = YES;
				CLANG_WARN_CONSTANT_CONVERSION = YES;
				CLANG_WARN_DEPRECATED_OBJC_IMPLEMENTATIONS = YES;
				CLANG_WARN_DIRECT_OBJC_ISA_USAGE = YES_ERROR;
				CLANG_WARN_DOCUMENTATION_COMMENTS = YES;
				CLANG_WARN_EMPTY_BODY = YES;
				CLANG_WARN_ENUM_CONVERSION = YES;
				CLANG_WARN_INFINITE_RECURSION = YES;
				CLANG_WARN_INT_CONVERSION = YES;
				CLANG_WARN_NON_LITERAL_NULL_CONVERSION = YES;
				CLANG_WARN_OBJC_IMPLICIT_RETAIN_SELF = YES;
				CLANG_WARN_OBJC_LITERAL_CONVERSION = YES;
				CLANG_WARN_OBJC_ROOT_CLASS = YES_ERROR;
				CLANG_WARN_QUOTED_INCLUDE_IN_FRAMEWORK_HEADER = YES;
				CLANG_WARN_RANGE_LOOP_ANALYSIS = YES;
				CLANG_WARN_STRICT_PROTOTYPES = YES;
				CLANG_WARN_SUSPICIOUS_MOVE = YES;
				CLANG_WARN_UNGUARDED_AVAILABILITY = YES_AGGRESSIVE;
				CLANG_WARN_UNREACHABLE_CODE = YES;
				CLANG_WARN__DUPLICATE_METHOD_MATCH = YES;
				COPY_PHASE_STRIP = NO;
				DEBUG_INFORMATION_FORMAT = "dwarf-with-dsym";
				ENABLE_NS_ASSERTIONS = NO;
				ENABLE_STRICT_OBJC_MSGSEND = YES;
				GCC_C_LANGUAGE_STANDARD = gnu11;
				GCC_NO_COMMON_BLOCKS = YES;
				GCC_WARN_64_TO_32_BIT_CONVERSION = YES;
				GCC_WARN_ABOUT_RETURN_TYPE = YES_ERROR;
				GCC_WARN_UNDECLARED_SELECTOR = YES;
				GCC_WARN_UNINITIALIZED_AUTOS = YES_AGGRESSIVE;
				GCC_WARN_UNUSED_FUNCTION = YES;
				GCC_WARN_UNUSED_VARIABLE = YES;
				IPHONEOS_DEPLOYMENT_TARGET = 15.2;
				MTL_ENABLE_DEBUG_INFO = NO;
				MTL_FAST_MATH = YES;
				SDKROOT = iphoneos;
				SWIFT_COMPILATION_MODE = wholemodule;
				SWIFT_OPTIMIZATION_LEVEL = "-O";
				VALIDATE_PRODUCT = YES;
			};
			name = Release;
		};
		0408E4A027B8818600DFDEC1 /* Debug */ = {
			isa = XCBuildConfiguration;
			buildSettings = {
				ASSETCATALOG_COMPILER_APPICON_NAME = AppIcon;
				ASSETCATALOG_COMPILER_GLOBAL_ACCENT_COLOR_NAME = AccentColor;
				CODE_SIGN_STYLE = Automatic;
				CURRENT_PROJECT_VERSION = 1;
				DEVELOPMENT_ASSET_PATHS = "\"DesignCombine/Preview Content\"";
				DEVELOPMENT_TEAM = NVBAMR8VDL;
				ENABLE_PREVIEWS = YES;
				GENERATE_INFOPLIST_FILE = YES;
				INFOPLIST_KEY_UIApplicationSceneManifest_Generation = YES;
				INFOPLIST_KEY_UIApplicationSupportsIndirectInputEvents = YES;
				INFOPLIST_KEY_UILaunchScreen_Generation = YES;
				INFOPLIST_KEY_UISupportedInterfaceOrientations_iPad = "UIInterfaceOrientationPortrait UIInterfaceOrientationPortraitUpsideDown UIInterfaceOrientationLandscapeLeft UIInterfaceOrientationLandscapeRight";
				INFOPLIST_KEY_UISupportedInterfaceOrientations_iPhone = "UIInterfaceOrientationPortrait UIInterfaceOrientationLandscapeLeft UIInterfaceOrientationLandscapeRight";
				IPHONEOS_DEPLOYMENT_TARGET = 14.5;
				LD_RUNPATH_SEARCH_PATHS = (
					"$(inherited)",
					"@executable_path/Frameworks",
				);
				MARKETING_VERSION = 1.0;
				PRODUCT_BUNDLE_IDENTIFIER = com.5fourlab.DesignCombine;
				PRODUCT_NAME = "$(TARGET_NAME)";
				SWIFT_EMIT_LOC_STRINGS = YES;
				SWIFT_VERSION = 5.0;
				TARGETED_DEVICE_FAMILY = "1,2";
			};
			name = Debug;
		};
		0408E4A127B8818600DFDEC1 /* Release */ = {
			isa = XCBuildConfiguration;
			buildSettings = {
				ASSETCATALOG_COMPILER_APPICON_NAME = AppIcon;
				ASSETCATALOG_COMPILER_GLOBAL_ACCENT_COLOR_NAME = AccentColor;
				CODE_SIGN_STYLE = Automatic;
				CURRENT_PROJECT_VERSION = 1;
				DEVELOPMENT_ASSET_PATHS = "\"DesignCombine/Preview Content\"";
				DEVELOPMENT_TEAM = NVBAMR8VDL;
				ENABLE_PREVIEWS = YES;
				GENERATE_INFOPLIST_FILE = YES;
				INFOPLIST_KEY_UIApplicationSceneManifest_Generation = YES;
				INFOPLIST_KEY_UIApplicationSupportsIndirectInputEvents = YES;
				INFOPLIST_KEY_UILaunchScreen_Generation = YES;
				INFOPLIST_KEY_UISupportedInterfaceOrientations_iPad = "UIInterfaceOrientationPortrait UIInterfaceOrientationPortraitUpsideDown UIInterfaceOrientationLandscapeLeft UIInterfaceOrientationLandscapeRight";
				INFOPLIST_KEY_UISupportedInterfaceOrientations_iPhone = "UIInterfaceOrientationPortrait UIInterfaceOrientationLandscapeLeft UIInterfaceOrientationLandscapeRight";
				IPHONEOS_DEPLOYMENT_TARGET = 14.5;
				LD_RUNPATH_SEARCH_PATHS = (
					"$(inherited)",
					"@executable_path/Frameworks",
				);
				MARKETING_VERSION = 1.0;
				PRODUCT_BUNDLE_IDENTIFIER = com.5fourlab.DesignCombine;
				PRODUCT_NAME = "$(TARGET_NAME)";
				SWIFT_EMIT_LOC_STRINGS = YES;
				SWIFT_VERSION = 5.0;
				TARGETED_DEVICE_FAMILY = "1,2";
			};
			name = Release;
		};
/* End XCBuildConfiguration section */

/* Begin XCConfigurationList section */
		0408E48C27B8818400DFDEC1 /* Build configuration list for PBXProject "DesignCombine" */ = {
			isa = XCConfigurationList;
			buildConfigurations = (
				0408E49D27B8818600DFDEC1 /* Debug */,
				0408E49E27B8818600DFDEC1 /* Release */,
			);
			defaultConfigurationIsVisible = 0;
			defaultConfigurationName = Release;
		};
		0408E49F27B8818600DFDEC1 /* Build configuration list for PBXNativeTarget "DesignCombine" */ = {
			isa = XCConfigurationList;
			buildConfigurations = (
				0408E4A027B8818600DFDEC1 /* Debug */,
				0408E4A127B8818600DFDEC1 /* Release */,
			);
			defaultConfigurationIsVisible = 0;
			defaultConfigurationName = Release;
		};
/* End XCConfigurationList section */

/* Begin XCRemoteSwiftPackageReference section */
		047BF86C27BD6F6000187C9F /* XCRemoteSwiftPackageReference "firebase-ios-sdk" */ = {
			isa = XCRemoteSwiftPackageReference;
			repositoryURL = "https://github.com/firebase/firebase-ios-sdk.git";
			requirement = {
				kind = upToNextMajorVersion;
				minimumVersion = 8.0.0;
			};
		};
/* End XCRemoteSwiftPackageReference section */

/* Begin XCSwiftPackageProductDependency section */
		047BF86D27BD6F6000187C9F /* FirebaseFirestore */ = {
			isa = XCSwiftPackageProductDependency;
			package = 047BF86C27BD6F6000187C9F /* XCRemoteSwiftPackageReference "firebase-ios-sdk" */;
			productName = FirebaseFirestore;
		};
/* End XCSwiftPackageProductDependency section */
	};
	rootObject = 0408E48927B8818400DFDEC1 /* Project object */;
}
